
Microsoft Visual Studio Solution File, Format Version 12.00
# Visual Studio Version 17
VisualStudioVersion = 17.7.34031.279
MinimumVisualStudioVersion = 10.0.40219.1
Project("{FAE04EC0-301F-11D3-BF4B-00C04F79EFBC}") = "stock_managment", "stock_managment\stock_managment.csproj", "{C32E81B0-63EA-45FF-94F2-E21C9F3A949E}"
EndProject
Global
	GlobalSection(SolutionConfigurationPlatforms) = preSolution
		Debug|Any CPU = Debug|Any CPU
		Release|Any CPU = Release|Any CPU
	EndGlobalSection
	GlobalSection(ProjectConfigurationPlatforms) = postSolution
		{C32E81B0-63EA-45FF-94F2-E21C9F3A949E}.Debug|Any CPU.ActiveCfg = Debug|Any CPU
		{C32E81B0-63EA-45FF-94F2-E21C9F3A949E}.Debug|Any CPU.Build.0 = Debug|Any CPU
		{C32E81B0-63EA-45FF-94F2-E21C9F3A949E}.Release|Any CPU.ActiveCfg = Release|Any CPU
		{C32E81B0-63EA-45FF-94F2-E21C9F3A949E}.Release|Any CPU.Build.0 = Release|Any CPU
	EndGlobalSection
	GlobalSection(SolutionProperties) = preSolution
		HideSolutionNode = FALSE
	EndGlobalSection
	GlobalSection(ExtensibilityGlobals) = postSolution
		SolutionGuid = {600F6348-8571-4ABC-BB45-17EECE47FCD9}
	EndGlobalSection
EndGlobal
